// !$*UTF8*$!
{
	archiveVersion = 1;
	classes = {
	};
	objectVersion = 55;
	objects = {

/* Begin PBXBuildFile section */
		B92218E027FD72870038A605 /* SectionModel.swift in Sources */ = {isa = PBXBuildFile; fileRef = B92218DF27FD72870038A605 /* SectionModel.swift */; };
		B92218E227FD77C00038A605 /* DataSectionModel.swift in Sources */ = {isa = PBXBuildFile; fileRef = B92218E127FD77C00038A605 /* DataSectionModel.swift */; };
		B92218E427FD8A670038A605 /* NativeBannerCell.swift in Sources */ = {isa = PBXBuildFile; fileRef = B92218E327FD8A670038A605 /* NativeBannerCell.swift */; };
		B998EECD27FE83F50069624C /* TransportCell.swift in Sources */ = {isa = PBXBuildFile; fileRef = B998EECC27FE83F50069624C /* TransportCell.swift */; };
		B998EED027FFF33E0069624C /* CategoryCell.swift in Sources */ = {isa = PBXBuildFile; fileRef = B998EECF27FFF33E0069624C /* CategoryCell.swift */; };
		B998EED7280588AA0069624C /* HomeScreenCollectionViewCreator.swift in Sources */ = {isa = PBXBuildFile; fileRef = B998EED6280588AA0069624C /* HomeScreenCollectionViewCreator.swift */; };
		B998EEDA28058BE00069624C /* HomeSectionController.swift in Sources */ = {isa = PBXBuildFile; fileRef = B998EED928058BE00069624C /* HomeSectionController.swift */; };
		B998EEDD280674050069624C /* UIHomeScreenCreator.swift in Sources */ = {isa = PBXBuildFile; fileRef = B998EEDC280674040069624C /* UIHomeScreenCreator.swift */; };
		B998EEE12807B8790069624C /* SliderCell.swift in Sources */ = {isa = PBXBuildFile; fileRef = B998EEE02807B8790069624C /* SliderCell.swift */; };
		B998EEE3280913520069624C /* LocationCell.swift in Sources */ = {isa = PBXBuildFile; fileRef = B998EEE2280913520069624C /* LocationCell.swift */; };
		B998EEE628096A0A0069624C /* CollectionCellController.swift in Sources */ = {isa = PBXBuildFile; fileRef = B998EEE528096A090069624C /* CollectionCellController.swift */; };
		B998EEE828096A9A0069624C /* NativeBannerCellController.swift in Sources */ = {isa = PBXBuildFile; fileRef = B998EEE728096A9A0069624C /* NativeBannerCellController.swift */; };
		B998EEEA28097BCF0069624C /* TransportCellController.swift in Sources */ = {isa = PBXBuildFile; fileRef = B998EEE928097BCE0069624C /* TransportCellController.swift */; };
		B998EEEC28097DF30069624C /* ServicesCellController.swift in Sources */ = {isa = PBXBuildFile; fileRef = B998EEEB28097DF30069624C /* ServicesCellController.swift */; };
		B998EEEE280C147B0069624C /* BannerController.swift in Sources */ = {isa = PBXBuildFile; fileRef = B998EEED280C147B0069624C /* BannerController.swift */; };
		B998EEF0280D45390069624C /* HomeNavigation.swift in Sources */ = {isa = PBXBuildFile; fileRef = B998EEEF280D45380069624C /* HomeNavigation.swift */; };
		B9E9DAF627FAF17400CEDC71 /* AppDelegate.swift in Sources */ = {isa = PBXBuildFile; fileRef = B9E9DAF527FAF17400CEDC71 /* AppDelegate.swift */; };
		B9E9DAF827FAF17400CEDC71 /* SceneDelegate.swift in Sources */ = {isa = PBXBuildFile; fileRef = B9E9DAF727FAF17400CEDC71 /* SceneDelegate.swift */; };
		B9E9DAFA27FAF17400CEDC71 /* ViewController.swift in Sources */ = {isa = PBXBuildFile; fileRef = B9E9DAF927FAF17400CEDC71 /* ViewController.swift */; };
		B9E9DAFD27FAF17400CEDC71 /* Main.storyboard in Resources */ = {isa = PBXBuildFile; fileRef = B9E9DAFB27FAF17400CEDC71 /* Main.storyboard */; };
		B9E9DAFF27FAF17600CEDC71 /* Assets.xcassets in Resources */ = {isa = PBXBuildFile; fileRef = B9E9DAFE27FAF17600CEDC71 /* Assets.xcassets */; };
		B9E9DB0227FAF17600CEDC71 /* LaunchScreen.storyboard in Resources */ = {isa = PBXBuildFile; fileRef = B9E9DB0027FAF17600CEDC71 /* LaunchScreen.storyboard */; };
		B9E9DB0A27FAF27800CEDC71 /* Extensions.swift in Sources */ = {isa = PBXBuildFile; fileRef = B9E9DB0927FAF27800CEDC71 /* Extensions.swift */; };
		B9E9DB0C27FAF28B00CEDC71 /* Constants.swift in Sources */ = {isa = PBXBuildFile; fileRef = B9E9DB0B27FAF28B00CEDC71 /* Constants.swift */; };
		B9E9DB1127FAF51000CEDC71 /* HomeScreenManager.swift in Sources */ = {isa = PBXBuildFile; fileRef = B9E9DB1027FAF51000CEDC71 /* HomeScreenManager.swift */; };
		B9E9DB1327FAF51F00CEDC71 /* HomeScreenManagerDelegate.swift in Sources */ = {isa = PBXBuildFile; fileRef = B9E9DB1227FAF51F00CEDC71 /* HomeScreenManagerDelegate.swift */; };
/* End PBXBuildFile section */

/* Begin PBXFileReference section */
		B92218DF27FD72870038A605 /* SectionModel.swift */ = {isa = PBXFileReference; lastKnownFileType = sourcecode.swift; path = SectionModel.swift; sourceTree = "<group>"; };
		B92218E127FD77C00038A605 /* DataSectionModel.swift */ = {isa = PBXFileReference; lastKnownFileType = sourcecode.swift; path = DataSectionModel.swift; sourceTree = "<group>"; };
		B92218E327FD8A670038A605 /* NativeBannerCell.swift */ = {isa = PBXFileReference; lastKnownFileType = sourcecode.swift; path = NativeBannerCell.swift; sourceTree = "<group>"; };
		B998EECC27FE83F50069624C /* TransportCell.swift */ = {isa = PBXFileReference; lastKnownFileType = sourcecode.swift; path = TransportCell.swift; sourceTree = "<group>"; };
		B998EECF27FFF33E0069624C /* CategoryCell.swift */ = {isa = PBXFileReference; lastKnownFileType = sourcecode.swift; path = CategoryCell.swift; sourceTree = "<group>"; };
		B998EED6280588AA0069624C /* HomeScreenCollectionViewCreator.swift */ = {isa = PBXFileReference; lastKnownFileType = sourcecode.swift; path = HomeScreenCollectionViewCreator.swift; sourceTree = "<group>"; };
		B998EED928058BE00069624C /* HomeSectionController.swift */ = {isa = PBXFileReference; lastKnownFileType = sourcecode.swift; path = HomeSectionController.swift; sourceTree = "<group>"; };
		B998EEDC280674040069624C /* UIHomeScreenCreator.swift */ = {isa = PBXFileReference; lastKnownFileType = sourcecode.swift; path = UIHomeScreenCreator.swift; sourceTree = "<group>"; };
		B998EEE02807B8790069624C /* SliderCell.swift */ = {isa = PBXFileReference; lastKnownFileType = sourcecode.swift; path = SliderCell.swift; sourceTree = "<group>"; };
		B998EEE2280913520069624C /* LocationCell.swift */ = {isa = PBXFileReference; lastKnownFileType = sourcecode.swift; path = LocationCell.swift; sourceTree = "<group>"; };
		B998EEE528096A090069624C /* CollectionCellController.swift */ = {isa = PBXFileReference; lastKnownFileType = sourcecode.swift; path = CollectionCellController.swift; sourceTree = "<group>"; };
		B998EEE728096A9A0069624C /* NativeBannerCellController.swift */ = {isa = PBXFileReference; lastKnownFileType = sourcecode.swift; path = NativeBannerCellController.swift; sourceTree = "<group>"; };
		B998EEE928097BCE0069624C /* TransportCellController.swift */ = {isa = PBXFileReference; lastKnownFileType = sourcecode.swift; path = TransportCellController.swift; sourceTree = "<group>"; };
		B998EEEB28097DF30069624C /* ServicesCellController.swift */ = {isa = PBXFileReference; lastKnownFileType = sourcecode.swift; path = ServicesCellController.swift; sourceTree = "<group>"; };
		B998EEED280C147B0069624C /* BannerController.swift */ = {isa = PBXFileReference; lastKnownFileType = sourcecode.swift; path = BannerController.swift; sourceTree = "<group>"; };
		B998EEEF280D45380069624C /* HomeNavigation.swift */ = {isa = PBXFileReference; lastKnownFileType = sourcecode.swift; path = HomeNavigation.swift; sourceTree = "<group>"; };
		B9E9DAF227FAF17400CEDC71 /* beclone.app */ = {isa = PBXFileReference; explicitFileType = wrapper.application; includeInIndex = 0; path = beclone.app; sourceTree = BUILT_PRODUCTS_DIR; };
		B9E9DAF527FAF17400CEDC71 /* AppDelegate.swift */ = {isa = PBXFileReference; lastKnownFileType = sourcecode.swift; path = AppDelegate.swift; sourceTree = "<group>"; };
		B9E9DAF727FAF17400CEDC71 /* SceneDelegate.swift */ = {isa = PBXFileReference; lastKnownFileType = sourcecode.swift; path = SceneDelegate.swift; sourceTree = "<group>"; };
		B9E9DAF927FAF17400CEDC71 /* ViewController.swift */ = {isa = PBXFileReference; lastKnownFileType = sourcecode.swift; path = ViewController.swift; sourceTree = "<group>"; };
		B9E9DAFC27FAF17400CEDC71 /* Base */ = {isa = PBXFileReference; lastKnownFileType = file.storyboard; name = Base; path = Base.lproj/Main.storyboard; sourceTree = "<group>"; };
		B9E9DAFE27FAF17600CEDC71 /* Assets.xcassets */ = {isa = PBXFileReference; lastKnownFileType = folder.assetcatalog; path = Assets.xcassets; sourceTree = "<group>"; };
		B9E9DB0127FAF17600CEDC71 /* Base */ = {isa = PBXFileReference; lastKnownFileType = file.storyboard; name = Base; path = Base.lproj/LaunchScreen.storyboard; sourceTree = "<group>"; };
		B9E9DB0327FAF17600CEDC71 /* Info.plist */ = {isa = PBXFileReference; lastKnownFileType = text.plist.xml; path = Info.plist; sourceTree = "<group>"; };
		B9E9DB0927FAF27800CEDC71 /* Extensions.swift */ = {isa = PBXFileReference; lastKnownFileType = sourcecode.swift; path = Extensions.swift; sourceTree = "<group>"; };
		B9E9DB0B27FAF28B00CEDC71 /* Constants.swift */ = {isa = PBXFileReference; lastKnownFileType = sourcecode.swift; path = Constants.swift; sourceTree = "<group>"; };
		B9E9DB1027FAF51000CEDC71 /* HomeScreenManager.swift */ = {isa = PBXFileReference; lastKnownFileType = sourcecode.swift; path = HomeScreenManager.swift; sourceTree = "<group>"; };
		B9E9DB1227FAF51F00CEDC71 /* HomeScreenManagerDelegate.swift */ = {isa = PBXFileReference; lastKnownFileType = sourcecode.swift; path = HomeScreenManagerDelegate.swift; sourceTree = "<group>"; };
/* End PBXFileReference section */

/* Begin PBXFrameworksBuildPhase section */
		B9E9DAEF27FAF17400CEDC71 /* Frameworks */ = {
			isa = PBXFrameworksBuildPhase;
			buildActionMask = 2147483647;
			files = (
			);
			runOnlyForDeploymentPostprocessing = 0;
		};
/* End PBXFrameworksBuildPhase section */

/* Begin PBXGroup section */
		B998EECE27FFD8BF0069624C /* Custom Cell */ = {
			isa = PBXGroup;
			children = (
				B92218E327FD8A670038A605 /* NativeBannerCell.swift */,
				B998EECC27FE83F50069624C /* TransportCell.swift */,
				B998EECF27FFF33E0069624C /* CategoryCell.swift */,
				B998EEE02807B8790069624C /* SliderCell.swift */,
				B998EEE2280913520069624C /* LocationCell.swift */,
			);
			path = "Custom Cell";
			sourceTree = "<group>";
		};
		B998EED5280588940069624C /* Creators */ = {
			isa = PBXGroup;
			children = (
				B998EEDC280674040069624C /* UIHomeScreenCreator.swift */,
				B998EED6280588AA0069624C /* HomeScreenCollectionViewCreator.swift */,
			);
			path = Creators;
			sourceTree = "<group>";
		};
		B998EEDB280673F20069624C /* Components */ = {
			isa = PBXGroup;
			children = (
				B998EEEF280D45380069624C /* HomeNavigation.swift */,
			);
			name = Components;
			path = Creators;
			sourceTree = "<group>";
		};
		B998EEE4280969960069624C /* Cell */ = {
			isa = PBXGroup;
			children = (
				B998EEE528096A090069624C /* CollectionCellController.swift */,
				B998EEE728096A9A0069624C /* NativeBannerCellController.swift */,
				B998EEE928097BCE0069624C /* TransportCellController.swift */,
				B998EEEB28097DF30069624C /* ServicesCellController.swift */,
				B998EEED280C147B0069624C /* BannerController.swift */,
			);
			path = Cell;
			sourceTree = "<group>";
		};
		B9E9DAE927FAF17400CEDC71 = {
			isa = PBXGroup;
			children = (
				B9E9DAF427FAF17400CEDC71 /* beclone */,
				B9E9DAF327FAF17400CEDC71 /* Products */,
			);
			sourceTree = "<group>";
		};
		B9E9DAF327FAF17400CEDC71 /* Products */ = {
			isa = PBXGroup;
			children = (
				B9E9DAF227FAF17400CEDC71 /* beclone.app */,
			);
			name = Products;
			sourceTree = "<group>";
		};
		B9E9DAF427FAF17400CEDC71 /* beclone */ = {
			isa = PBXGroup;
			children = (
				B9E9DB0F27FAF4FB00CEDC71 /* Controller */,
				B9E9DB0E27FAF4F100CEDC71 /* View */,
				B9E9DB0D27FAF4D600CEDC71 /* Model */,
				B9E9DAF527FAF17400CEDC71 /* AppDelegate.swift */,
				B9E9DAF727FAF17400CEDC71 /* SceneDelegate.swift */,
				B9E9DB0B27FAF28B00CEDC71 /* Constants.swift */,
				B9E9DB0927FAF27800CEDC71 /* Extensions.swift */,
				B9E9DAFE27FAF17600CEDC71 /* Assets.xcassets */,
				B9E9DB0027FAF17600CEDC71 /* LaunchScreen.storyboard */,
				B9E9DB0327FAF17600CEDC71 /* Info.plist */,
			);
			path = beclone;
			sourceTree = "<group>";
		};
		B9E9DB0D27FAF4D600CEDC71 /* Model */ = {
			isa = PBXGroup;
			children = (
				B9E9DB1027FAF51000CEDC71 /* HomeScreenManager.swift */,
				B9E9DB1227FAF51F00CEDC71 /* HomeScreenManagerDelegate.swift */,
				B92218DF27FD72870038A605 /* SectionModel.swift */,
				B92218E127FD77C00038A605 /* DataSectionModel.swift */,
			);
			path = Model;
			sourceTree = "<group>";
		};
		B9E9DB0E27FAF4F100CEDC71 /* View */ = {
			isa = PBXGroup;
			children = (
				B998EEDB280673F20069624C /* Components */,
				B998EED5280588940069624C /* Creators */,
				B998EECE27FFD8BF0069624C /* Custom Cell */,
				B9E9DAFB27FAF17400CEDC71 /* Main.storyboard */,
			);
			path = View;
			sourceTree = "<group>";
		};
		B9E9DB0F27FAF4FB00CEDC71 /* Controller */ = {
			isa = PBXGroup;
			children = (
				B998EEE4280969960069624C /* Cell */,
				B9E9DAF927FAF17400CEDC71 /* ViewController.swift */,
				B998EED928058BE00069624C /* HomeSectionController.swift */,
			);
			path = Controller;
			sourceTree = "<group>";
		};
/* End PBXGroup section */

/* Begin PBXNativeTarget section */
		B9E9DAF127FAF17400CEDC71 /* beclone */ = {
			isa = PBXNativeTarget;
			buildConfigurationList = B9E9DB0627FAF17600CEDC71 /* Build configuration list for PBXNativeTarget "beclone" */;
			buildPhases = (
				B9E9DAEE27FAF17400CEDC71 /* Sources */,
				B9E9DAEF27FAF17400CEDC71 /* Frameworks */,
				B9E9DAF027FAF17400CEDC71 /* Resources */,
			);
			buildRules = (
			);
			dependencies = (
			);
			name = beclone;
			productName = beclone;
			productReference = B9E9DAF227FAF17400CEDC71 /* beclone.app */;
			productType = "com.apple.product-type.application";
		};
/* End PBXNativeTarget section */

/* Begin PBXProject section */
		B9E9DAEA27FAF17400CEDC71 /* Project object */ = {
			isa = PBXProject;
			attributes = {
				BuildIndependentTargetsInParallel = 1;
				LastSwiftUpdateCheck = 1320;
				LastUpgradeCheck = 1320;
				TargetAttributes = {
					B9E9DAF127FAF17400CEDC71 = {
						CreatedOnToolsVersion = 13.2.1;
					};
				};
			};
			buildConfigurationList = B9E9DAED27FAF17400CEDC71 /* Build configuration list for PBXProject "beclone" */;
			compatibilityVersion = "Xcode 13.0";
			developmentRegion = en;
			hasScannedForEncodings = 0;
			knownRegions = (
				en,
				Base,
			);
			mainGroup = B9E9DAE927FAF17400CEDC71;
			productRefGroup = B9E9DAF327FAF17400CEDC71 /* Products */;
			projectDirPath = "";
			projectRoot = "";
			targets = (
				B9E9DAF127FAF17400CEDC71 /* beclone */,
			);
		};
/* End PBXProject section */

/* Begin PBXResourcesBuildPhase section */
		B9E9DAF027FAF17400CEDC71 /* Resources */ = {
			isa = PBXResourcesBuildPhase;
			buildActionMask = 2147483647;
			files = (
				B9E9DB0227FAF17600CEDC71 /* LaunchScreen.storyboard in Resources */,
				B9E9DAFF27FAF17600CEDC71 /* Assets.xcassets in Resources */,
				B9E9DAFD27FAF17400CEDC71 /* Main.storyboard in Resources */,
			);
			runOnlyForDeploymentPostprocessing = 0;
		};
/* End PBXResourcesBuildPhase section */

/* Begin PBXSourcesBuildPhase section */
		B9E9DAEE27FAF17400CEDC71 /* Sources */ = {
			isa = PBXSourcesBuildPhase;
			buildActionMask = 2147483647;
			files = (
				B9E9DAFA27FAF17400CEDC71 /* ViewController.swift in Sources */,
				B998EEEA28097BCF0069624C /* TransportCellController.swift in Sources */,
				B9E9DB1327FAF51F00CEDC71 /* HomeScreenManagerDelegate.swift in Sources */,
				B998EEEE280C147B0069624C /* BannerController.swift in Sources */,
				B998EEEC28097DF30069624C /* ServicesCellController.swift in Sources */,
				B92218E027FD72870038A605 /* SectionModel.swift in Sources */,
				B998EED7280588AA0069624C /* HomeScreenCollectionViewCreator.swift in Sources */,
				B998EEE3280913520069624C /* LocationCell.swift in Sources */,
				B9E9DAF627FAF17400CEDC71 /* AppDelegate.swift in Sources */,
				B92218E427FD8A670038A605 /* NativeBannerCell.swift in Sources */,
				B998EEE628096A0A0069624C /* CollectionCellController.swift in Sources */,
				B998EEE828096A9A0069624C /* NativeBannerCellController.swift in Sources */,
				B998EECD27FE83F50069624C /* TransportCell.swift in Sources */,
				B998EEDA28058BE00069624C /* HomeSectionController.swift in Sources */,
				B92218E227FD77C00038A605 /* DataSectionModel.swift in Sources */,
				B9E9DB1127FAF51000CEDC71 /* HomeScreenManager.swift in Sources */,
				B9E9DB0C27FAF28B00CEDC71 /* Constants.swift in Sources */,
				B998EEF0280D45390069624C /* HomeNavigation.swift in Sources */,
				B9E9DAF827FAF17400CEDC71 /* SceneDelegate.swift in Sources */,
				B998EEDD280674050069624C /* UIHomeScreenCreator.swift in Sources */,
				B9E9DB0A27FAF27800CEDC71 /* Extensions.swift in Sources */,
				B998EEE12807B8790069624C /* SliderCell.swift in Sources */,
				B998EED027FFF33E0069624C /* CategoryCell.swift in Sources */,
			);
			runOnlyForDeploymentPostprocessing = 0;
		};
/* End PBXSourcesBuildPhase section */

/* Begin PBXVariantGroup section */
		B9E9DAFB27FAF17400CEDC71 /* Main.storyboard */ = {
			isa = PBXVariantGroup;
			children = (
				B9E9DAFC27FAF17400CEDC71 /* Base */,
			);
			name = Main.storyboard;
			sourceTree = "<group>";
		};
		B9E9DB0027FAF17600CEDC71 /* LaunchScreen.storyboard */ = {
			isa = PBXVariantGroup;
			children = (
				B9E9DB0127FAF17600CEDC71 /* Base */,
			);
			name = LaunchScreen.storyboard;
			sourceTree = "<group>";
		};
/* End PBXVariantGroup section */

/* Begin XCBuildConfiguration section */
		B9E9DB0427FAF17600CEDC71 /* Debug */ = {
			isa = XCBuildConfiguration;
			buildSettings = {
				ALWAYS_SEARCH_USER_PATHS = NO;
				CLANG_ANALYZER_NONNULL = YES;
				CLANG_ANALYZER_NUMBER_OBJECT_CONVERSION = YES_AGGRESSIVE;
				CLANG_CXX_LANGUAGE_STANDARD = "gnu++17";
				CLANG_CXX_LIBRARY = "libc++";
				CLANG_ENABLE_MODULES = YES;
				CLANG_ENABLE_OBJC_ARC = YES;
				CLANG_ENABLE_OBJC_WEAK = YES;
				CLANG_WARN_BLOCK_CAPTURE_AUTORELEASING = YES;
				CLANG_WARN_BOOL_CONVERSION = YES;
				CLANG_WARN_COMMA = YES;
				CLANG_WARN_CONSTANT_CONVERSION = YES;
				CLANG_WARN_DEPRECATED_OBJC_IMPLEMENTATIONS = YES;
				CLANG_WARN_DIRECT_OBJC_ISA_USAGE = YES_ERROR;
				CLANG_WARN_DOCUMENTATION_COMMENTS = YES;
				CLANG_WARN_EMPTY_BODY = YES;
				CLANG_WARN_ENUM_CONVERSION = YES;
				CLANG_WARN_INFINITE_RECURSION = YES;
				CLANG_WARN_INT_CONVERSION = YES;
				CLANG_WARN_NON_LITERAL_NULL_CONVERSION = YES;
				CLANG_WARN_OBJC_IMPLICIT_RETAIN_SELF = YES;
				CLANG_WARN_OBJC_LITERAL_CONVERSION = YES;
				CLANG_WARN_OBJC_ROOT_CLASS = YES_ERROR;
				CLANG_WARN_QUOTED_INCLUDE_IN_FRAMEWORK_HEADER = YES;
				CLANG_WARN_RANGE_LOOP_ANALYSIS = YES;
				CLANG_WARN_STRICT_PROTOTYPES = YES;
				CLANG_WARN_SUSPICIOUS_MOVE = YES;
				CLANG_WARN_UNGUARDED_AVAILABILITY = YES_AGGRESSIVE;
				CLANG_WARN_UNREACHABLE_CODE = YES;
				CLANG_WARN__DUPLICATE_METHOD_MATCH = YES;
				COPY_PHASE_STRIP = NO;
				DEBUG_INFORMATION_FORMAT = dwarf;
				ENABLE_STRICT_OBJC_MSGSEND = YES;
				ENABLE_TESTABILITY = YES;
				GCC_C_LANGUAGE_STANDARD = gnu11;
				GCC_DYNAMIC_NO_PIC = NO;
				GCC_NO_COMMON_BLOCKS = YES;
				GCC_OPTIMIZATION_LEVEL = 0;
				GCC_PREPROCESSOR_DEFINITIONS = (
					"DEBUG=1",
					"$(inherited)",
				);
				GCC_WARN_64_TO_32_BIT_CONVERSION = YES;
				GCC_WARN_ABOUT_RETURN_TYPE = YES_ERROR;
				GCC_WARN_UNDECLARED_SELECTOR = YES;
				GCC_WARN_UNINITIALIZED_AUTOS = YES_AGGRESSIVE;
				GCC_WARN_UNUSED_FUNCTION = YES;
				GCC_WARN_UNUSED_VARIABLE = YES;
				IPHONEOS_DEPLOYMENT_TARGET = 15.2;
				MTL_ENABLE_DEBUG_INFO = INCLUDE_SOURCE;
				MTL_FAST_MATH = YES;
				ONLY_ACTIVE_ARCH = YES;
				SDKROOT = iphoneos;
				SWIFT_ACTIVE_COMPILATION_CONDITIONS = DEBUG;
				SWIFT_OPTIMIZATION_LEVEL = "-Onone";
			};
			name = Debug;
		};
		B9E9DB0527FAF17600CEDC71 /* Release */ = {
			isa = XCBuildConfiguration;
			buildSettings = {
				ALWAYS_SEARCH_USER_PATHS = NO;
				CLANG_ANALYZER_NONNULL = YES;
				CLANG_ANALYZER_NUMBER_OBJECT_CONVERSION = YES_AGGRESSIVE;
				CLANG_CXX_LANGUAGE_STANDARD = "gnu++17";
				CLANG_CXX_LIBRARY = "libc++";
				CLANG_ENABLE_MODULES = YES;
				CLANG_ENABLE_OBJC_ARC = YES;
				CLANG_ENABLE_OBJC_WEAK = YES;
				CLANG_WARN_BLOCK_CAPTURE_AUTORELEASING = YES;
				CLANG_WARN_BOOL_CONVERSION = YES;
				CLANG_WARN_COMMA = YES;
				CLANG_WARN_CONSTANT_CONVERSION = YES;
				CLANG_WARN_DEPRECATED_OBJC_IMPLEMENTATIONS = YES;
				CLANG_WARN_DIRECT_OBJC_ISA_USAGE = YES_ERROR;
				CLANG_WARN_DOCUMENTATION_COMMENTS = YES;
				CLANG_WARN_EMPTY_BODY = YES;
				CLANG_WARN_ENUM_CONVERSION = YES;
				CLANG_WARN_INFINITE_RECURSION = YES;
				CLANG_WARN_INT_CONVERSION = YES;
				CLANG_WARN_NON_LITERAL_NULL_CONVERSION = YES;
				CLANG_WARN_OBJC_IMPLICIT_RETAIN_SELF = YES;
				CLANG_WARN_OBJC_LITERAL_CONVERSION = YES;
				CLANG_WARN_OBJC_ROOT_CLASS = YES_ERROR;
				CLANG_WARN_QUOTED_INCLUDE_IN_FRAMEWORK_HEADER = YES;
				CLANG_WARN_RANGE_LOOP_ANALYSIS = YES;
				CLANG_WARN_STRICT_PROTOTYPES = YES;
				CLANG_WARN_SUSPICIOUS_MOVE = YES;
				CLANG_WARN_UNGUARDED_AVAILABILITY = YES_AGGRESSIVE;
				CLANG_WARN_UNREACHABLE_CODE = YES;
				CLANG_WARN__DUPLICATE_METHOD_MATCH = YES;
				COPY_PHASE_STRIP = NO;
				DEBUG_INFORMATION_FORMAT = "dwarf-with-dsym";
				ENABLE_NS_ASSERTIONS = NO;
				ENABLE_STRICT_OBJC_MSGSEND = YES;
				GCC_C_LANGUAGE_STANDARD = gnu11;
				GCC_NO_COMMON_BLOCKS = YES;
				GCC_WARN_64_TO_32_BIT_CONVERSION = YES;
				GCC_WARN_ABOUT_RETURN_TYPE = YES_ERROR;
				GCC_WARN_UNDECLARED_SELECTOR = YES;
				GCC_WARN_UNINITIALIZED_AUTOS = YES_AGGRESSIVE;
				GCC_WARN_UNUSED_FUNCTION = YES;
				GCC_WARN_UNUSED_VARIABLE = YES;
				IPHONEOS_DEPLOYMENT_TARGET = 15.2;
				MTL_ENABLE_DEBUG_INFO = NO;
				MTL_FAST_MATH = YES;
				SDKROOT = iphoneos;
				SWIFT_COMPILATION_MODE = wholemodule;
				SWIFT_OPTIMIZATION_LEVEL = "-O";
				VALIDATE_PRODUCT = YES;
			};
			name = Release;
		};
		B9E9DB0727FAF17600CEDC71 /* Debug */ = {
			isa = XCBuildConfiguration;
			buildSettings = {
				ASSETCATALOG_COMPILER_APPICON_NAME = AppIcon;
				ASSETCATALOG_COMPILER_GLOBAL_ACCENT_COLOR_NAME = AccentColor;
				CODE_SIGN_STYLE = Automatic;
				CURRENT_PROJECT_VERSION = 1;
				GENERATE_INFOPLIST_FILE = YES;
				INFOPLIST_FILE = beclone/Info.plist;
				INFOPLIST_KEY_UIApplicationSupportsIndirectInputEvents = YES;
				INFOPLIST_KEY_UILaunchStoryboardName = LaunchScreen;
				INFOPLIST_KEY_UIMainStoryboardFile = Main;
				INFOPLIST_KEY_UISupportedInterfaceOrientations_iPad = "UIInterfaceOrientationPortrait UIInterfaceOrientationPortraitUpsideDown UIInterfaceOrientationLandscapeLeft UIInterfaceOrientationLandscapeRight";
				INFOPLIST_KEY_UISupportedInterfaceOrientations_iPhone = "UIInterfaceOrientationPortrait UIInterfaceOrientationLandscapeLeft UIInterfaceOrientationLandscapeRight";
				LD_RUNPATH_SEARCH_PATHS = (
					"$(inherited)",
					"@executable_path/Frameworks",
				);
				MARKETING_VERSION = 1.0;
				PRODUCT_BUNDLE_IDENTIFIER = com.be.practice.beclone;
				PRODUCT_NAME = "$(TARGET_NAME)";
				SWIFT_EMIT_LOC_STRINGS = YES;
				SWIFT_VERSION = 5.0;
				TARGETED_DEVICE_FAMILY = "1,2";
			};
			name = Debug;
		};
		B9E9DB0827FAF17600CEDC71 /* Release */ = {
			isa = XCBuildConfiguration;
			buildSettings = {
				ASSETCATALOG_COMPILER_APPICON_NAME = AppIcon;
				ASSETCATALOG_COMPILER_GLOBAL_ACCENT_COLOR_NAME = AccentColor;
				CODE_SIGN_STYLE = Automatic;
				CURRENT_PROJECT_VERSION = 1;
				GENERATE_INFOPLIST_FILE = YES;
				INFOPLIST_FILE = beclone/Info.plist;
				INFOPLIST_KEY_UIApplicationSupportsIndirectInputEvents = YES;
				INFOPLIST_KEY_UILaunchStoryboardName = LaunchScreen;
				INFOPLIST_KEY_UIMainStoryboardFile = Main;
				INFOPLIST_KEY_UISupportedInterfaceOrientations_iPad = "UIInterfaceOrientationPortrait UIInterfaceOrientationPortraitUpsideDown UIInterfaceOrientationLandscapeLeft UIInterfaceOrientationLandscapeRight";
				INFOPLIST_KEY_UISupportedInterfaceOrientations_iPhone = "UIInterfaceOrientationPortrait UIInterfaceOrientationLandscapeLeft UIInterfaceOrientationLandscapeRight";
				LD_RUNPATH_SEARCH_PATHS = (
					"$(inherited)",
					"@executable_path/Frameworks",
				);
				MARKETING_VERSION = 1.0;
				PRODUCT_BUNDLE_IDENTIFIER = com.be.practice.beclone;
				PRODUCT_NAME = "$(TARGET_NAME)";
				SWIFT_EMIT_LOC_STRINGS = YES;
				SWIFT_VERSION = 5.0;
				TARGETED_DEVICE_FAMILY = "1,2";
			};
			name = Release;
		};
/* End XCBuildConfiguration section */

/* Begin XCConfigurationList section */
		B9E9DAED27FAF17400CEDC71 /* Build configuration list for PBXProject "beclone" */ = {
			isa = XCConfigurationList;
			buildConfigurations = (
				B9E9DB0427FAF17600CEDC71 /* Debug */,
				B9E9DB0527FAF17600CEDC71 /* Release */,
			);
			defaultConfigurationIsVisible = 0;
			defaultConfigurationName = Release;
		};
		B9E9DB0627FAF17600CEDC71 /* Build configuration list for PBXNativeTarget "beclone" */ = {
			isa = XCConfigurationList;
			buildConfigurations = (
				B9E9DB0727FAF17600CEDC71 /* Debug */,
				B9E9DB0827FAF17600CEDC71 /* Release */,
			);
			defaultConfigurationIsVisible = 0;
			defaultConfigurationName = Release;
		};
/* End XCConfigurationList section */
	};
	rootObject = B9E9DAEA27FAF17400CEDC71 /* Project object */;
}
